
Microsoft Visual Studio Solution File, Format Version 12.00
# Visual Studio Version 17
VisualStudioVersion = 17.0.31903.59
MinimumVisualStudioVersion = 10.0.40219.1
Project("{FAE04EC0-301F-11D3-BF4B-00C04F79EFBC}") = "LegacyX.Shared.Configuration", "shared\LegacyX.Shared.Configuration\LegacyX.Shared.Configuration.csproj", "{BFA5891E-13EA-4D92-A95C-9A1F9D45A1F2}"
EndProject
Project("{FAE04EC0-301F-11D3-BF4B-00C04F79EFBC}") = "LegacyX-Admin", "LegacyX-Admin\LegacyX-Admin.csproj", "{D112986D-7EC3-4875-83E9-098271CC0801}"
EndProject
Project("{FAE04EC0-301F-11D3-BF4B-00C04F79EFBC}") = "LegacyX-AFKManager", "LegacyX-AFKManager\LegacyX-AFKManager.csproj", "{2A7AD3EA-6078-4E61-A60C-2A18A85B39C8}"
EndProject
Project("{FAE04EC0-301F-11D3-BF4B-00C04F79EFBC}") = "LegacyX-Community", "LegacyX-Community\LegacyX-Community.csproj", "{F59F1ABE-652A-4882-8F1D-9631A0A195FC}"
EndProject
Project("{FAE04EC0-301F-11D3-BF4B-00C04F79EFBC}") = "LegacyX-MatchZy", "LegacyX-MatchZy\LegacyX-MatchZy.csproj", "{79E670A0-8DBB-4B88-9987-DB99ACDF4790}"
EndProject
Project("{FAE04EC0-301F-11D3-BF4B-00C04F79EFBC}") = "LegacyX-Spectator", "LegacyX-Spectator\LegacyX-Spectator.csproj", "{C929ED66-D14C-4B5D-BDCF-1D1C3625D73E}"
EndProject
Project("{FAE04EC0-301F-11D3-BF4B-00C04F79EFBC}") = "LegacyX-WeaponPaints", "LegacyX-WeaponPaints\LegacyX-WeaponPaints.csproj", "{5C8C597F-4408-431C-A94D-635B7C47B26F}"
EndProject
Project("{2150E333-8FDC-42A3-9474-1A3956D46DE8}") = "tests", "tests", "{5798C091-80D8-4A55-9EA0-A20A01DC86F7}"
EndProject
Project("{FAE04EC0-301F-11D3-BF4B-00C04F79EFBC}") = "LegacyX.Admin.Authorization.Tests", "tests\LegacyX.Admin.Authorization.Tests\LegacyX.Admin.Authorization.Tests.csproj", "{863F8B96-51A9-4CAE-A181-A5631FD1E039}"
EndProject
Project("{FAE04EC0-301F-11D3-BF4B-00C04F79EFBC}") = "LegacyX.PackageLoadTest", "tests\LegacyX.PackageLoadTest\LegacyX.PackageLoadTest.csproj", "{FD944090-59C2-44E6-9C02-2ECCC584BA22}"
EndProject
Project("{FAE04EC0-301F-11D3-BF4B-00C04F79EFBC}") = "LegacyX-Status", "LegacyX-Status\LegacyX-Status.csproj", "{BDB7B232-0A18-474E-AC83-25B8C778AB86}"
EndProject
Project("{FAE04EC0-301F-11D3-BF4B-00C04F79EFBC}") = "LegacyX-Killfeed", "LegacyX-Killfeed\LegacyX-Killfeed.csproj", "{95E5C10D-E165-479E-9B66-BA828ACCBD23}"
EndProject
Global
	GlobalSection(SolutionConfigurationPlatforms) = preSolution
		Debug|Any CPU = Debug|Any CPU
		Release|Any CPU = Release|Any CPU
	EndGlobalSection
	GlobalSection(ProjectConfigurationPlatforms) = postSolution
		{BFA5891E-13EA-4D92-A95C-9A1F9D45A1F2}.Debug|Any CPU.ActiveCfg = Debug|Any CPU
		{BFA5891E-13EA-4D92-A95C-9A1F9D45A1F2}.Debug|Any CPU.Build.0 = Debug|Any CPU
		{BFA5891E-13EA-4D92-A95C-9A1F9D45A1F2}.Release|Any CPU.ActiveCfg = Release|Any CPU
		{BFA5891E-13EA-4D92-A95C-9A1F9D45A1F2}.Release|Any CPU.Build.0 = Release|Any CPU
		{D112986D-7EC3-4875-83E9-098271CC0801}.Debug|Any CPU.ActiveCfg = Debug|Any CPU
		{D112986D-7EC3-4875-83E9-098271CC0801}.Debug|Any CPU.Build.0 = Debug|Any CPU
		{D112986D-7EC3-4875-83E9-098271CC0801}.Release|Any CPU.ActiveCfg = Release|Any CPU
		{D112986D-7EC3-4875-83E9-098271CC0801}.Release|Any CPU.Build.0 = Release|Any CPU
		{2A7AD3EA-6078-4E61-A60C-2A18A85B39C8}.Debug|Any CPU.ActiveCfg = Debug|Any CPU
		{2A7AD3EA-6078-4E61-A60C-2A18A85B39C8}.Debug|Any CPU.Build.0 = Debug|Any CPU
		{2A7AD3EA-6078-4E61-A60C-2A18A85B39C8}.Release|Any CPU.ActiveCfg = Release|Any CPU
		{2A7AD3EA-6078-4E61-A60C-2A18A85B39C8}.Release|Any CPU.Build.0 = Release|Any CPU
		{F59F1ABE-652A-4882-8F1D-9631A0A195FC}.Debug|Any CPU.ActiveCfg = Debug|Any CPU
		{F59F1ABE-652A-4882-8F1D-9631A0A195FC}.Debug|Any CPU.Build.0 = Debug|Any CPU
		{F59F1ABE-652A-4882-8F1D-9631A0A195FC}.Release|Any CPU.ActiveCfg = Release|Any CPU
		{F59F1ABE-652A-4882-8F1D-9631A0A195FC}.Release|Any CPU.Build.0 = Release|Any CPU
		{79E670A0-8DBB-4B88-9987-DB99ACDF4790}.Debug|Any CPU.ActiveCfg = Debug|Any CPU
		{79E670A0-8DBB-4B88-9987-DB99ACDF4790}.Debug|Any CPU.Build.0 = Debug|Any CPU
		{79E670A0-8DBB-4B88-9987-DB99ACDF4790}.Release|Any CPU.ActiveCfg = Release|Any CPU
		{79E670A0-8DBB-4B88-9987-DB99ACDF4790}.Release|Any CPU.Build.0 = Release|Any CPU
		{C929ED66-D14C-4B5D-BDCF-1D1C3625D73E}.Debug|Any CPU.ActiveCfg = Debug|Any CPU
		{C929ED66-D14C-4B5D-BDCF-1D1C3625D73E}.Debug|Any CPU.Build.0 = Debug|Any CPU
		{C929ED66-D14C-4B5D-BDCF-1D1C3625D73E}.Release|Any CPU.ActiveCfg = Release|Any CPU
		{C929ED66-D14C-4B5D-BDCF-1D1C3625D73E}.Release|Any CPU.Build.0 = Release|Any CPU
		{5C8C597F-4408-431C-A94D-635B7C47B26F}.Debug|Any CPU.ActiveCfg = Debug|Any CPU
		{5C8C597F-4408-431C-A94D-635B7C47B26F}.Debug|Any CPU.Build.0 = Debug|Any CPU
		{5C8C597F-4408-431C-A94D-635B7C47B26F}.Release|Any CPU.ActiveCfg = Release|Any CPU
		{5C8C597F-4408-431C-A94D-635B7C47B26F}.Release|Any CPU.Build.0 = Release|Any CPU
		{863F8B96-51A9-4CAE-A181-A5631FD1E039}.Debug|Any CPU.ActiveCfg = Debug|Any CPU
		{863F8B96-51A9-4CAE-A181-A5631FD1E039}.Debug|Any CPU.Build.0 = Debug|Any CPU
		{863F8B96-51A9-4CAE-A181-A5631FD1E039}.Release|Any CPU.ActiveCfg = Release|Any CPU
		{863F8B96-51A9-4CAE-A181-A5631FD1E039}.Release|Any CPU.Build.0 = Release|Any CPU
		{FD944090-59C2-44E6-9C02-2ECCC584BA22}.Debug|Any CPU.ActiveCfg = Debug|Any CPU
		{FD944090-59C2-44E6-9C02-2ECCC584BA22}.Debug|Any CPU.Build.0 = Debug|Any CPU
		{FD944090-59C2-44E6-9C02-2ECCC584BA22}.Release|Any CPU.ActiveCfg = Release|Any CPU
		{FD944090-59C2-44E6-9C02-2ECCC584BA22}.Release|Any CPU.Build.0 = Release|Any CPU
		{BDB7B232-0A18-474E-AC83-25B8C778AB86}.Debug|Any CPU.ActiveCfg = Debug|Any CPU
		{BDB7B232-0A18-474E-AC83-25B8C778AB86}.Debug|Any CPU.Build.0 = Debug|Any CPU
		{BDB7B232-0A18-474E-AC83-25B8C778AB86}.Release|Any CPU.ActiveCfg = Release|Any CPU
		{BDB7B232-0A18-474E-AC83-25B8C778AB86}.Release|Any CPU.Build.0 = Release|Any CPU
		{95E5C10D-E165-479E-9B66-BA828ACCBD23}.Debug|Any CPU.ActiveCfg = Debug|Any CPU
		{95E5C10D-E165-479E-9B66-BA828ACCBD23}.Debug|Any CPU.Build.0 = Debug|Any CPU
		{95E5C10D-E165-479E-9B66-BA828ACCBD23}.Release|Any CPU.ActiveCfg = Release|Any CPU
		{95E5C10D-E165-479E-9B66-BA828ACCBD23}.Release|Any CPU.Build.0 = Release|Any CPU
	EndGlobalSection
	GlobalSection(NestedProjects) = preSolution
		{863F8B96-51A9-4CAE-A181-A5631FD1E039} = {5798C091-80D8-4A55-9EA0-A20A01DC86F7}
		{FD944090-59C2-44E6-9C02-2ECCC584BA22} = {5798C091-80D8-4A55-9EA0-A20A01DC86F7}
	EndGlobalSection
EndGlobal
